github.com/celestiaorg/celestia-app/v8 v8.0.0-20260306035632-961e399b4dc4 h1:mvfToPQaISmSnHJ7+bkTpXbsnvp5pIn4JkA1IKFxzSI=
github.com/celestiaorg/celestia-app/v8 v8.0.0-20260306035632-961e399b4dc4/go.mod h1:xjVAOJOAFQIEGHh0ZR3pTnPc0eUACozBnftjLCtAOI0=
github.com/celestiaorg/reedsolomon v1.12.6-0.20250824224240-8b66bda83fd0 h1:nM6tHBLW1Uej4VKe6Zm3+kYnOrvcQ1Q4I1qFBIbC+EU=
github.com/celestiaorg/reedsolomon v1.12.6-0.20250824224240-8b66bda83fd0/go.mod h1:39naxIQYdj/oxjNZVvWvhRreh3uguAq4v6Ke7mI9cDI=
github.com/cometbft/cometbft v1.0.1 h1:JNVgbpL76sA4kXmBnyZ7iPjFAxi6HVp2l+rdT2RXVUs=
github.com/cometbft/cometbft v1.0.1/go.mod h1:r9fEwrbU6Oxs11I2bLsfAiG37OMn0Vip0w9arYU0Nw0=
github.com/cometbft/cometbft/api v1.0.0 h1:gGBwvsJi/gnHJEtwYfjPIGs2AKg/Vfa1ZuKCPD1/Ko4=
github.com/cometbft/cometbft/api v1.0.0/go.mod h1:EkQiqVSu/p2ebrZEnB2z6Re7r8XNe//M7ylR0qEwWm0=
github.com/cosmos/gogoproto v1.7.2 h1:5G25McIraOC0mRFv9TVO139Uh3OklV2hczr13KKVHCA=
github.com/cosmos/gogoproto v1.7.2/go.mod h1:8S7w53P1Y1cHwND64o0BnArT6RmdgIvsBuco6uTllsk=
github.com/davecgh/go-spew v1.1.2-0.20180830191138-d8f796af33cc h1:U9qPSI2PIWSS1VwoXQT9A3Wy9MM3WgvqSxFWenqJduM=
github.com/davecgh/go-spew v1.1.2-0.20180830191138-d8f796af33cc/go.mod h1:J7Y8YcW2NihsgmVo/mv3lAwl/skON4iLHjSsI+c5H38=
github.com/google/go-cmp v0.7.0 h1:wk8382ETsv4JYUZwIsn6YpYiWiBsYLSJiTsyBybVuN8=
github.com/google/go-cmp v0.7.0/go.mod h1:pXiqmnSA92OHEEa9HXL2W4E7lf9JzCmGVUdgjX3N/iU=
github.com/klauspost/cpuid/v2 v2.3.0 h1:S4CRMLnYUhGeDFDqkGriYKdfoFlDnMtqTiI/sFzhA9Y=
github.com/klauspost/cpuid/v2 v2.3.0/go.mod h1:hqwkgyIinND0mEev00jJYCxPNVRVXFQeu1XKlok6oO0=
github.com/klauspost/reedsolomon v1.13.2 h1:9qtQy2tKEVpVB8Pfq87ZljHZb60/LbeTQ1OxV8EGzdE=
github.com/klauspost/reedsolomon v1.13.2/go.mod h1:ggJT9lc71Vu+cSOPBlxGvBN6TfAS77qB4fp8vJ05NSA=
github.com/pmezard/go-difflib v1.0.1-0.20181226105442-5d4384ee4fb2 h1:Jamvg5psRIccs7FGNTlIRMkT8wgtp5eCXdBlqhYGL6U=
github.com/pmezard/go-difflib v1.0.1-0.20181226105442-5d4384ee4fb2/go.mod h1:iKH77koFhYxTK1pcRnkKkqfTogsbg7gZNVY4sRDYZ/4=
github.com/stretchr/testify v1.11.1 h1:7s2iGBzp5EwR7/aIZr8ao5+dra3wiQyKjjFuvgVKu7U=
github.com/stretchr/testify v1.11.1/go.mod h1:wZwfW3scLgRK+23gO65QZefKpKQRnfz6sD981Nm4B6U=
golang.org/x/sys v0.41.0 h1:Ivj+2Cp/ylzLiEU89QhWblYnOE9zerudt9Ftecq2C6k=
golang.org/x/sys v0.41.0/go.mod h1:OgkHotnGiDImocRcuBABYBEXf8A9a87e/uXjp9XT3ks=
google.golang.org/protobuf v1.36.11 h1:fV6ZwhNocDyBLK0dj+fg8ektcVegBBuEolpbTQyBNVE=
google.golang.org/protobuf v1.36.11/go.mod h1:HTf+CrKn2C3g5S8VImy6tdcUvCska2kB7j23XfzDpco=
gopkg.in/yaml.v3 v3.0.1 h1:fxVm/GzAzEWqLHuvctI91KS9hhNmmWOoWu0XTYJS7CA=
gopkg.in/yaml.v3 v3.0.1/go.mod h1:K4uyk7z7BCEPqu6E+C64Yfv1cQ7kz7rIZviUmN+EgEM=
